
Microsoft Visual Studio Solution File, Format Version 12.00
# Visual Studio Version 17
VisualStudioVersion = 17.8.34525.116
MinimumVisualStudioVersion = 10.0.40219.1
Project("{FAE04EC0-301F-11D3-BF4B-00C04F79EFBC}") = "Classes", "Classes\Classes.csproj", "{4A9A71CC-860C-4301-BF16-B193B00CA726}"
EndProject
Global
	GlobalSection(SolutionConfigurationPlatforms) = preSolution
		Debug|Any CPU = Debug|Any CPU
		Release|Any CPU = Release|Any CPU
	EndGlobalSection
	GlobalSection(ProjectConfigurationPlatforms) = postSolution
		{4A9A71CC-860C-4301-BF16-B193B00CA726}.Debug|Any CPU.ActiveCfg = Debug|Any CPU
		{4A9A71CC-860C-4301-BF16-B193B00CA726}.Debug|Any CPU.Build.0 = Debug|Any CPU
		{4A9A71CC-860C-4301-BF16-B193B00CA726}.Release|Any CPU.ActiveCfg = Release|Any CPU
		{4A9A71CC-860C-4301-BF16-B193B00CA726}.Release|Any CPU.Build.0 = Release|Any CPU
	EndGlobalSection
	GlobalSection(SolutionProperties) = preSolution
		HideSolutionNode = FALSE
	EndGlobalSection
	GlobalSection(ExtensibilityGlobals) = postSolution
		SolutionGuid = {85AC33E0-0E75-4003-9188-A8B63CF8B3E2}
	EndGlobalSection
EndGlobal
